{
    "requires": true,
    "lockfileVersion": 1,
    "dependencies": {
        "@fortawesome/fontawesome-free-webfonts": {
            "version": "1.0.5",
            "resolved": "https://registry.npmjs.org/@fortawesome/fontawesome-free-webfonts/-/fontawesome-free-webfonts-1.0.5.tgz",
            "integrity": "sha512-9JL80WJkSiTdR0AtIz7J2qGIkJxgOB1LAcESYP26cpl2Dfs8iy06NbAGM+e6BINpCT8XO1+fDKjU/LwCsOy8XA=="
        },
        "bootstrap": {
            "version": "4.0.0",
            "resolved": "https://registry.npmjs.org/bootstrap/-/bootstrap-4.0.0.tgz",
            "integrity": "sha512-gulJE5dGFo6Q61V/whS6VM4WIyrlydXfCgkE+Gxe5hjrJ8rXLLZlALq7zq2RPhOc45PSwQpJkrTnc2KgD6cvmA==",
            "dev": true
        },
        "jquery": {
            "version": "3.3.1",
            "resolved": "https://registry.npmjs.org/jquery/-/jquery-3.3.1.tgz",
            "integrity": "sha512-Ubldcmxp5np52/ENotGxlLe6aGMvmF4R8S6tZjsP6Knsaxd/xp3Zrh50cG93lR6nPXyUFwzN3ZSOQI0wRJNdGg==",
            "dev": true
        },
        "popper.js": {
            "version": "1.13.0",
            "resolved": "https://registry.npmjs.org/popper.js/-/popper.js-1.13.0.tgz",
            "integrity": "sha1-4ef/ZcxD98+c8W8VEKdegfhPRWU=",
            "dev": true
        }
    }
}
